
Microsoft Visual Studio Solution File, Format Version 12.00
# Visual Studio Version 16
VisualStudioVersion = 16.0.29215.179
MinimumVisualStudioVersion = 10.0.40219.1
Project("{FAE04EC0-301F-11D3-BF4B-00C04F79EFBC}") = "Churilova02", "Churilova02\Churilova02.csproj", "{D162A08B-CC37-41ED-9811-FBF9241C897D}"
EndProject
Global
	GlobalSection(SolutionConfigurationPlatforms) = preSolution
		Debug|Any CPU = Debug|Any CPU
		Release|Any CPU = Release|Any CPU
	EndGlobalSection
	GlobalSection(ProjectConfigurationPlatforms) = postSolution
		{D162A08B-CC37-41ED-9811-FBF9241C897D}.Debug|Any CPU.ActiveCfg = Debug|Any CPU
		{D162A08B-CC37-41ED-9811-FBF9241C897D}.Debug|Any CPU.Build.0 = Debug|Any CPU
		{D162A08B-CC37-41ED-9811-FBF9241C897D}.Release|Any CPU.ActiveCfg = Release|Any CPU
		{D162A08B-CC37-41ED-9811-FBF9241C897D}.Release|Any CPU.Build.0 = Release|Any CPU
	EndGlobalSection
	GlobalSection(SolutionProperties) = preSolution
		HideSolutionNode = FALSE
	EndGlobalSection
	GlobalSection(ExtensibilityGlobals) = postSolution
		SolutionGuid = {0F84E462-C963-49E2-9D34-A61D4F350143}
	EndGlobalSection
EndGlobal
